
Microsoft Visual Studio Solution File, Format Version 12.00
# Visual Studio Version 16
VisualStudioVersion = 16.0.30717.126
MinimumVisualStudioVersion = 10.0.40219.1
Project("{9A19103F-16F7-4668-BE54-9A1E7A4F7556}") = "MyBlog", "MyBlog\MyBlog.csproj", "{2EC87154-01D2-4279-BFBB-42C6D11158AA}"
EndProject
Project("{9A19103F-16F7-4668-BE54-9A1E7A4F7556}") = "MyBlog.data", "MyBlog.data\MyBlog.data.csproj", "{5C061D20-841C-42FD-ADBE-4AB95BBEDBB5}"
EndProject
Global
	GlobalSection(SolutionConfigurationPlatforms) = preSolution
		Debug|Any CPU = Debug|Any CPU
		Release|Any CPU = Release|Any CPU
	EndGlobalSection
	GlobalSection(ProjectConfigurationPlatforms) = postSolution
		{2EC87154-01D2-4279-BFBB-42C6D11158AA}.Debug|Any CPU.ActiveCfg = Debug|Any CPU
		{2EC87154-01D2-4279-BFBB-42C6D11158AA}.Debug|Any CPU.Build.0 = Debug|Any CPU
		{2EC87154-01D2-4279-BFBB-42C6D11158AA}.Release|Any CPU.ActiveCfg = Release|Any CPU
		{2EC87154-01D2-4279-BFBB-42C6D11158AA}.Release|Any CPU.Build.0 = Release|Any CPU
		{5C061D20-841C-42FD-ADBE-4AB95BBEDBB5}.Debug|Any CPU.ActiveCfg = Debug|Any CPU
		{5C061D20-841C-42FD-ADBE-4AB95BBEDBB5}.Debug|Any CPU.Build.0 = Debug|Any CPU
		{5C061D20-841C-42FD-ADBE-4AB95BBEDBB5}.Release|Any CPU.ActiveCfg = Release|Any CPU
		{5C061D20-841C-42FD-ADBE-4AB95BBEDBB5}.Release|Any CPU.Build.0 = Release|Any CPU
	EndGlobalSection
	GlobalSection(SolutionProperties) = preSolution
		HideSolutionNode = FALSE
	EndGlobalSection
	GlobalSection(ExtensibilityGlobals) = postSolution
		SolutionGuid = {DD87104D-F0DA-4609-A6F6-E8E6E421EE13}
	EndGlobalSection
EndGlobal
